
Microsoft Visual Studio Solution File, Format Version 12.00
# Visual Studio Version 16
VisualStudioVersion = 16.0.31205.134
MinimumVisualStudioVersion = 10.0.40219.1
Project("{FAE04EC0-301F-11D3-BF4B-00C04F79EFBC}") = "Calculator", "Calculator\Calculator.csproj", "{9BCF5820-AB94-4CE6-BCB5-C00D0B8FEACE}"
EndProject
Global
	GlobalSection(SolutionConfigurationPlatforms) = preSolution
		Debug|Any CPU = Debug|Any CPU
		Release|Any CPU = Release|Any CPU
	EndGlobalSection
	GlobalSection(ProjectConfigurationPlatforms) = postSolution
		{9BCF5820-AB94-4CE6-BCB5-C00D0B8FEACE}.Debug|Any CPU.ActiveCfg = Debug|Any CPU
		{9BCF5820-AB94-4CE6-BCB5-C00D0B8FEACE}.Debug|Any CPU.Build.0 = Debug|Any CPU
		{9BCF5820-AB94-4CE6-BCB5-C00D0B8FEACE}.Release|Any CPU.ActiveCfg = Release|Any CPU
		{9BCF5820-AB94-4CE6-BCB5-C00D0B8FEACE}.Release|Any CPU.Build.0 = Release|Any CPU
	EndGlobalSection
	GlobalSection(SolutionProperties) = preSolution
		HideSolutionNode = FALSE
	EndGlobalSection
	GlobalSection(ExtensibilityGlobals) = postSolution
		SolutionGuid = {CAB77DA7-6EDC-4F93-8A6A-2B9ADC5C28ED}
	EndGlobalSection
EndGlobal
